<Solution>
  <Folder Name="/src/">
    <Project Path="src/EnterpriseWorkflow.Abstractions/EnterpriseWorkflow.Abstractions.csproj" />
    <Project Path="src/EnterpriseWorkflow.Core/EnterpriseWorkflow.Core.csproj" />
    <Project Path="src/EnterpriseWorkflow.Persistence.Abstractions/EnterpriseWorkflow.Persistence.Abstractions.csproj" />
    <Project Path="src/EnterpriseWorkflow.Sdk/EnterpriseWorkflow.Sdk.csproj" />
  </Folder>
  <Folder Name="/tests/">
    <Project Path="tests/EnterpriseWorkflow.Core.Tests/EnterpriseWorkflow.Core.Tests.csproj" />
  </Folder>
  <Folder Name="/samples/">
    <Project Path="samples/MinimalWorkflow/MinimalWorkflow.csproj" />
  </Folder>
</Solution>
